
Microsoft Visual Studio Solution File, Format Version 11.00
# Visual Studio 2010
Project("{FAE04EC0-301F-11D3-BF4B-00C04F79EFBC}") = "Simple.Data.Oracle", "Simple.Data.Oracle\Simple.Data.Oracle.csproj", "{C4E1B507-9F39-43A6-B698-CB2DC77F0808}"
EndProject
Project("{FAE04EC0-301F-11D3-BF4B-00C04F79EFBC}") = "Simple.Data.Oracle.Tests", "Simple.Data.Oracle.Tests\Simple.Data.Oracle.Tests.csproj", "{2B0282A8-C783-4E0C-BC26-1EC3FBA6DB79}"
EndProject
Project("{2150E333-8FDC-42A3-9474-1A3956D46DE8}") = "readme", "readme", "{8C4D9F34-DA7B-48C9-9596-613AFB57B767}"
	ProjectSection(SolutionItems) = preProject
		readme.md = readme.md
	EndProjectSection
EndProject
Global
	GlobalSection(SolutionConfigurationPlatforms) = preSolution
		Debug|Any CPU = Debug|Any CPU
		DevartDebug|Any CPU = DevartDebug|Any CPU
		DevartRelease|Any CPU = DevartRelease|Any CPU
		Release|Any CPU = Release|Any CPU
		UseLocal|Any CPU = UseLocal|Any CPU
	EndGlobalSection
	GlobalSection(ProjectConfigurationPlatforms) = postSolution
		{C4E1B507-9F39-43A6-B698-CB2DC77F0808}.Debug|Any CPU.ActiveCfg = Debug|Any CPU
		{C4E1B507-9F39-43A6-B698-CB2DC77F0808}.Debug|Any CPU.Build.0 = Debug|Any CPU
		{C4E1B507-9F39-43A6-B698-CB2DC77F0808}.DevartDebug|Any CPU.ActiveCfg = DevartDebug|Any CPU
		{C4E1B507-9F39-43A6-B698-CB2DC77F0808}.DevartDebug|Any CPU.Build.0 = DevartDebug|Any CPU
		{C4E1B507-9F39-43A6-B698-CB2DC77F0808}.DevartRelease|Any CPU.ActiveCfg = DevartRelease|Any CPU
		{C4E1B507-9F39-43A6-B698-CB2DC77F0808}.DevartRelease|Any CPU.Build.0 = DevartRelease|Any CPU
		{C4E1B507-9F39-43A6-B698-CB2DC77F0808}.Release|Any CPU.ActiveCfg = Release|Any CPU
		{C4E1B507-9F39-43A6-B698-CB2DC77F0808}.Release|Any CPU.Build.0 = Release|Any CPU
		{C4E1B507-9F39-43A6-B698-CB2DC77F0808}.UseLocal|Any CPU.ActiveCfg = UseLocal|Any CPU
		{C4E1B507-9F39-43A6-B698-CB2DC77F0808}.UseLocal|Any CPU.Build.0 = UseLocal|Any CPU
		{2B0282A8-C783-4E0C-BC26-1EC3FBA6DB79}.Debug|Any CPU.ActiveCfg = Debug|Any CPU
		{2B0282A8-C783-4E0C-BC26-1EC3FBA6DB79}.Debug|Any CPU.Build.0 = Debug|Any CPU
		{2B0282A8-C783-4E0C-BC26-1EC3FBA6DB79}.DevartDebug|Any CPU.ActiveCfg = DevartDebug|Any CPU
		{2B0282A8-C783-4E0C-BC26-1EC3FBA6DB79}.DevartDebug|Any CPU.Build.0 = DevartDebug|Any CPU
		{2B0282A8-C783-4E0C-BC26-1EC3FBA6DB79}.DevartRelease|Any CPU.ActiveCfg = DevartRelease|Any CPU
		{2B0282A8-C783-4E0C-BC26-1EC3FBA6DB79}.DevartRelease|Any CPU.Build.0 = DevartRelease|Any CPU
		{2B0282A8-C783-4E0C-BC26-1EC3FBA6DB79}.Release|Any CPU.ActiveCfg = Release|Any CPU
		{2B0282A8-C783-4E0C-BC26-1EC3FBA6DB79}.Release|Any CPU.Build.0 = Release|Any CPU
		{2B0282A8-C783-4E0C-BC26-1EC3FBA6DB79}.UseLocal|Any CPU.ActiveCfg = UseLocal|Any CPU
		{2B0282A8-C783-4E0C-BC26-1EC3FBA6DB79}.UseLocal|Any CPU.Build.0 = UseLocal|Any CPU
	EndGlobalSection
	GlobalSection(SolutionProperties) = preSolution
		HideSolutionNode = FALSE
	EndGlobalSection
EndGlobal
